
Microsoft Visual Studio Solution File, Format Version 12.00
# Visual Studio Version 17
VisualStudioVersion = 17.2.32526.322
MinimumVisualStudioVersion = 10.0.40219.1
Project("{9A19103F-16F7-4668-BE54-9A1E7A4F7556}") = "DaprProducer", "DaprProducer\DaprProducer.csproj", "{F05B7CD8-2CDE-4CA4-B1FC-CC82F8A998C1}"
EndProject
Global
	GlobalSection(SolutionConfigurationPlatforms) = preSolution
		Debug|Any CPU = Debug|Any CPU
		Release|Any CPU = Release|Any CPU
	EndGlobalSection
	GlobalSection(ProjectConfigurationPlatforms) = postSolution
		{F05B7CD8-2CDE-4CA4-B1FC-CC82F8A998C1}.Debug|Any CPU.ActiveCfg = Debug|Any CPU
		{F05B7CD8-2CDE-4CA4-B1FC-CC82F8A998C1}.Debug|Any CPU.Build.0 = Debug|Any CPU
		{F05B7CD8-2CDE-4CA4-B1FC-CC82F8A998C1}.Release|Any CPU.ActiveCfg = Release|Any CPU
		{F05B7CD8-2CDE-4CA4-B1FC-CC82F8A998C1}.Release|Any CPU.Build.0 = Release|Any CPU
	EndGlobalSection
	GlobalSection(SolutionProperties) = preSolution
		HideSolutionNode = FALSE
	EndGlobalSection
	GlobalSection(ExtensibilityGlobals) = postSolution
		SolutionGuid = {A371DE98-69E8-4AA2-801D-E339384DA104}
	EndGlobalSection
EndGlobal
